
Microsoft Visual Studio Solution File, Format Version 12.00
# Visual Studio Version 16
VisualStudioVersion = 16.0.31515.178
MinimumVisualStudioVersion = 10.0.40219.1
Project("{FAE04EC0-301F-11D3-BF4B-00C04F79EFBC}") = "ExamCreateDemo.Web", "ExamCreateDemo.Web\ExamCreateDemo.Web.csproj", "{6CB58B9F-5CD8-429B-8F9D-CF24C0EFB3AD}"
EndProject
Global
	GlobalSection(SolutionConfigurationPlatforms) = preSolution
		Debug|Any CPU = Debug|Any CPU
		Release|Any CPU = Release|Any CPU
	EndGlobalSection
	GlobalSection(ProjectConfigurationPlatforms) = postSolution
		{6CB58B9F-5CD8-429B-8F9D-CF24C0EFB3AD}.Debug|Any CPU.ActiveCfg = Debug|Any CPU
		{6CB58B9F-5CD8-429B-8F9D-CF24C0EFB3AD}.Debug|Any CPU.Build.0 = Debug|Any CPU
		{6CB58B9F-5CD8-429B-8F9D-CF24C0EFB3AD}.Release|Any CPU.ActiveCfg = Release|Any CPU
		{6CB58B9F-5CD8-429B-8F9D-CF24C0EFB3AD}.Release|Any CPU.Build.0 = Release|Any CPU
	EndGlobalSection
	GlobalSection(SolutionProperties) = preSolution
		HideSolutionNode = FALSE
	EndGlobalSection
	GlobalSection(ExtensibilityGlobals) = postSolution
		SolutionGuid = {143A0A4D-0CE4-47EF-867E-A2CA2902E6E8}
	EndGlobalSection
EndGlobal
